schema: '2.0'
stages:
  prepare:
    cmd: python src/prepare.py
    deps:
    - path: src/prepare.py
      hash: md5
      md5: 59efd0f4fbb7ab8253df5aab5e17ff62
      size: 463
    outs:
    - path: data/raw
      hash: md5
      md5: b350cee2d461dd7a5eb56d678c858fa6.dir
      size: 54951002
      nfiles: 1
  train:
    cmd: python src/train.py
    deps:
    - path: data/processed
      hash: md5
      md5: 40800621f8cae2101168abdd3d9c5b6e.dir
      size: 219591486
      nfiles: 1
    - path: src/train.py
      hash: md5
      md5: 6dcf68d21dfc1bd14d1d15f70c3a35fb
      size: 1453
    params:
      params.yaml:
        train:
          dense_units: 256
          dropout_rate: 0.2
          learning_rate: 0.001
          epochs: 15
          batch_size: 128
          seed: 42
    outs:
    - path: models
      hash: md5
      md5: 155f3768286c6f03a598004b6388e2d8.dir
      size: 2468151
      nfiles: 2
  evaluate:
    cmd: python src/evaluate.py
    deps:
    - path: data/processed
      hash: md5
      md5: 40800621f8cae2101168abdd3d9c5b6e.dir
      size: 219591486
      nfiles: 1
    - path: models/model.h5
      hash: md5
      md5: 69bf1c53610271e301ed50c43ad44e2b
      size: 2466904
    - path: src/evaluate.py
      hash: md5
      md5: 685077fcdba3f6430003025d86a5d430
      size: 1687
    params:
      params.yaml:
        train.batch_size: 128
        train.learning_rate: 0.001
    outs:
    - path: confusion_matrix.png
      hash: md5
      md5: e24f074c25aba01f27aadb3b73e54c2e
      size: 103517
    - path: metrics.json
      hash: md5
      md5: 4497737f2cc0580519d87b49ef0cae3c
      size: 78
